
Microsoft Visual Studio Solution File, Format Version 12.00
# Visual Studio Version 17
VisualStudioVersion = 17.5.002.0
MinimumVisualStudioVersion = 10.0.40219.1
Project("{9A19103F-16F7-4668-BE54-9A1E7A4F7556}") = "PruebaMVC", "PruebaMVC.csproj", "{5B0E0669-3C93-4EAA-9691-70F378974EB3}"
EndProject
Global
	GlobalSection(SolutionConfigurationPlatforms) = preSolution
		Debug|Any CPU = Debug|Any CPU
		Release|Any CPU = Release|Any CPU
	EndGlobalSection
	GlobalSection(ProjectConfigurationPlatforms) = postSolution
		{5B0E0669-3C93-4EAA-9691-70F378974EB3}.Debug|Any CPU.ActiveCfg = Debug|Any CPU
		{5B0E0669-3C93-4EAA-9691-70F378974EB3}.Debug|Any CPU.Build.0 = Debug|Any CPU
		{5B0E0669-3C93-4EAA-9691-70F378974EB3}.Release|Any CPU.ActiveCfg = Release|Any CPU
		{5B0E0669-3C93-4EAA-9691-70F378974EB3}.Release|Any CPU.Build.0 = Release|Any CPU
	EndGlobalSection
	GlobalSection(SolutionProperties) = preSolution
		HideSolutionNode = FALSE
	EndGlobalSection
	GlobalSection(ExtensibilityGlobals) = postSolution
		SolutionGuid = {127B66A5-08E8-4BB5-AB70-9D19A6A56833}
	EndGlobalSection
EndGlobal
