
Microsoft Visual Studio Solution File, Format Version 12.00
# Visual Studio Version 16
VisualStudioVersion = 16.0.31613.86
MinimumVisualStudioVersion = 10.0.40219.1
Project("{9A19103F-16F7-4668-BE54-9A1E7A4F7556}") = "EjemploN4", "EjemplosConcurso\EjemploN4.csproj", "{6E81A97A-AD40-4564-9B69-C531252B9872}"
EndProject
Project("{9A19103F-16F7-4668-BE54-9A1E7A4F7556}") = "EjemploN3", "EjemploN4\EjemploN3.csproj", "{64A9654B-CCC7-4BE2-A4C3-0AF9B13B836C}"
EndProject
Project("{FAE04EC0-301F-11D3-BF4B-00C04F79EFBC}") = "EjemploN1", "EjemploN1\EjemploN1.csproj", "{4546EA07-129A-4B0D-81F0-431378B0AE0D}"
EndProject
Project("{FAE04EC0-301F-11D3-BF4B-00C04F79EFBC}") = "EjemploN2", "EjemploN2\EjemploN2.csproj", "{0674B01D-0EAA-4D47-BD46-DE7FF9CAF99B}"
EndProject
Project("{FAE04EC0-301F-11D3-BF4B-00C04F79EFBC}") = "EjemploN5", "EjemploN5\EjemploN5.csproj", "{B9270B29-9FA9-4E3C-9CA3-D70CBD8A109B}"
EndProject
Global
	GlobalSection(SolutionConfigurationPlatforms) = preSolution
		Debug|Any CPU = Debug|Any CPU
		Release|Any CPU = Release|Any CPU
	EndGlobalSection
	GlobalSection(ProjectConfigurationPlatforms) = postSolution
		{6E81A97A-AD40-4564-9B69-C531252B9872}.Debug|Any CPU.ActiveCfg = Debug|Any CPU
		{6E81A97A-AD40-4564-9B69-C531252B9872}.Debug|Any CPU.Build.0 = Debug|Any CPU
		{6E81A97A-AD40-4564-9B69-C531252B9872}.Release|Any CPU.ActiveCfg = Release|Any CPU
		{6E81A97A-AD40-4564-9B69-C531252B9872}.Release|Any CPU.Build.0 = Release|Any CPU
		{64A9654B-CCC7-4BE2-A4C3-0AF9B13B836C}.Debug|Any CPU.ActiveCfg = Debug|Any CPU
		{64A9654B-CCC7-4BE2-A4C3-0AF9B13B836C}.Debug|Any CPU.Build.0 = Debug|Any CPU
		{64A9654B-CCC7-4BE2-A4C3-0AF9B13B836C}.Release|Any CPU.ActiveCfg = Release|Any CPU
		{64A9654B-CCC7-4BE2-A4C3-0AF9B13B836C}.Release|Any CPU.Build.0 = Release|Any CPU
		{4546EA07-129A-4B0D-81F0-431378B0AE0D}.Debug|Any CPU.ActiveCfg = Debug|Any CPU
		{4546EA07-129A-4B0D-81F0-431378B0AE0D}.Debug|Any CPU.Build.0 = Debug|Any CPU
		{4546EA07-129A-4B0D-81F0-431378B0AE0D}.Release|Any CPU.ActiveCfg = Release|Any CPU
		{4546EA07-129A-4B0D-81F0-431378B0AE0D}.Release|Any CPU.Build.0 = Release|Any CPU
		{0674B01D-0EAA-4D47-BD46-DE7FF9CAF99B}.Debug|Any CPU.ActiveCfg = Debug|Any CPU
		{0674B01D-0EAA-4D47-BD46-DE7FF9CAF99B}.Debug|Any CPU.Build.0 = Debug|Any CPU
		{0674B01D-0EAA-4D47-BD46-DE7FF9CAF99B}.Release|Any CPU.ActiveCfg = Release|Any CPU
		{0674B01D-0EAA-4D47-BD46-DE7FF9CAF99B}.Release|Any CPU.Build.0 = Release|Any CPU
		{B9270B29-9FA9-4E3C-9CA3-D70CBD8A109B}.Debug|Any CPU.ActiveCfg = Debug|Any CPU
		{B9270B29-9FA9-4E3C-9CA3-D70CBD8A109B}.Debug|Any CPU.Build.0 = Debug|Any CPU
		{B9270B29-9FA9-4E3C-9CA3-D70CBD8A109B}.Release|Any CPU.ActiveCfg = Release|Any CPU
		{B9270B29-9FA9-4E3C-9CA3-D70CBD8A109B}.Release|Any CPU.Build.0 = Release|Any CPU
	EndGlobalSection
	GlobalSection(SolutionProperties) = preSolution
		HideSolutionNode = FALSE
	EndGlobalSection
	GlobalSection(ExtensibilityGlobals) = postSolution
		SolutionGuid = {D6F8292A-BB73-4E4F-B8A6-74E8462EAFBD}
	EndGlobalSection
EndGlobal
